
Microsoft Visual Studio Solution File, Format Version 12.00
# Visual Studio 15
VisualStudioVersion = 15.0.28010.2046
MinimumVisualStudioVersion = 10.0.40219.1
Project("{8BC9CEB8-8B4A-11D0-8D11-00A0C91BC942}") = "7b-oop", "7b-oop\7b-oop.vcxproj", "{4F26F5A4-C0BE-4186-B6DB-0D0ACBABB935}"
EndProject
Global
	GlobalSection(SolutionConfigurationPlatforms) = preSolution
		Debug|x64 = Debug|x64
		Debug|x86 = Debug|x86
		Release|x64 = Release|x64
		Release|x86 = Release|x86
	EndGlobalSection
	GlobalSection(ProjectConfigurationPlatforms) = postSolution
		{4F26F5A4-C0BE-4186-B6DB-0D0ACBABB935}.Debug|x64.ActiveCfg = Debug|x64
		{4F26F5A4-C0BE-4186-B6DB-0D0ACBABB935}.Debug|x64.Build.0 = Debug|x64
		{4F26F5A4-C0BE-4186-B6DB-0D0ACBABB935}.Debug|x86.ActiveCfg = Debug|Win32
		{4F26F5A4-C0BE-4186-B6DB-0D0ACBABB935}.Debug|x86.Build.0 = Debug|Win32
		{4F26F5A4-C0BE-4186-B6DB-0D0ACBABB935}.Release|x64.ActiveCfg = Release|x64
		{4F26F5A4-C0BE-4186-B6DB-0D0ACBABB935}.Release|x64.Build.0 = Release|x64
		{4F26F5A4-C0BE-4186-B6DB-0D0ACBABB935}.Release|x86.ActiveCfg = Release|Win32
		{4F26F5A4-C0BE-4186-B6DB-0D0ACBABB935}.Release|x86.Build.0 = Release|Win32
	EndGlobalSection
	GlobalSection(SolutionProperties) = preSolution
		HideSolutionNode = FALSE
	EndGlobalSection
	GlobalSection(ExtensibilityGlobals) = postSolution
		SolutionGuid = {2C7F5D72-BEA6-472C-B014-18B7AA643ACC}
	EndGlobalSection
EndGlobal
